// !$*UTF8*$!
{
	archiveVersion = 1;
	classes = {
	};
	objectVersion = 50;
	objects = {

/* Begin PBXBuildFile section */
		8110DA0E253046080028C242 /* reverselinkedlist.cpp in Sources */ = {isa = PBXBuildFile; fileRef = 8110DA0C253046080028C242 /* reverselinkedlist.cpp */; };
		8110DA1225304A220028C242 /* reverselinkedlist_ii.cpp in Sources */ = {isa = PBXBuildFile; fileRef = 8110DA1025304A220028C242 /* reverselinkedlist_ii.cpp */; };
		81DF07CA252EC29F00ECB710 /* datastructtest.cpp in Sources */ = {isa = PBXBuildFile; fileRef = 81DF07C8252EC29F00ECB710 /* datastructtest.cpp */; };
		81DF081725300E7000ECB710 /* spiralmatrix.cpp in Sources */ = {isa = PBXBuildFile; fileRef = 81DF081525300E7000ECB710 /* spiralmatrix.cpp */; };
		81EBF4F9231C07EC00ABA86C /* reverseinteger.cpp in Sources */ = {isa = PBXBuildFile; fileRef = 81EBF4F7231C07EC00ABA86C /* reverseinteger.cpp */; };
		81F262992317824F002A6549 /* longestsubstrnorepeatchar.cpp in Sources */ = {isa = PBXBuildFile; fileRef = 81F262972317824F002A6549 /* longestsubstrnorepeatchar.cpp */; };
		81F2629C2317A029002A6549 /* midoftwosortedary.cpp in Sources */ = {isa = PBXBuildFile; fileRef = 81F2629A2317A029002A6549 /* midoftwosortedary.cpp */; };
		81F2629F2317ADB9002A6549 /* longestpalindromicsubstr.cpp in Sources */ = {isa = PBXBuildFile; fileRef = 81F2629D2317ADB9002A6549 /* longestpalindromicsubstr.cpp */; };
		D20568C12305313600B0416F /* longestconsecutivelist.cpp in Sources */ = {isa = PBXBuildFile; fileRef = D20568BF2305313600B0416F /* longestconsecutivelist.cpp */; };
		D24743EA22F133200084E611 /* quicksort.cpp in Sources */ = {isa = PBXBuildFile; fileRef = D24743E822F133200084E611 /* quicksort.cpp */; };
		D24743ED22F133700084E611 /* bubblesort.cpp in Sources */ = {isa = PBXBuildFile; fileRef = D24743EB22F133700084E611 /* bubblesort.cpp */; };
		D24743F522F183AD0084E611 /* dataitem.cpp in Sources */ = {isa = PBXBuildFile; fileRef = D24743F322F183AD0084E611 /* dataitem.cpp */; };
		D255E753230B99A300FAB975 /* sortalgorithm.cpp in Sources */ = {isa = PBXBuildFile; fileRef = D255E751230B99A300FAB975 /* sortalgorithm.cpp */; };
		D255E757230BCA8400FAB975 /* addtwonums.cpp in Sources */ = {isa = PBXBuildFile; fileRef = D255E755230BCA8400FAB975 /* addtwonums.cpp */; };
		D255E75A230BCFDB00FAB975 /* sqlist.cpp in Sources */ = {isa = PBXBuildFile; fileRef = D255E758230BCFDB00FAB975 /* sqlist.cpp */; };
		D255E75D230BCFE700FAB975 /* linklist.cpp in Sources */ = {isa = PBXBuildFile; fileRef = D255E75B230BCFE700FAB975 /* linklist.cpp */; };
		D255E760230BD00A00FAB975 /* datastruct.cpp in Sources */ = {isa = PBXBuildFile; fileRef = D255E75E230BD00A00FAB975 /* datastruct.cpp */; };
		D255E763230BDA7700FAB975 /* insertsort.cpp in Sources */ = {isa = PBXBuildFile; fileRef = D255E761230BDA7700FAB975 /* insertsort.cpp */; };
		D255E766230BDA8C00FAB975 /* selectsort.cpp in Sources */ = {isa = PBXBuildFile; fileRef = D255E764230BDA8C00FAB975 /* selectsort.cpp */; };
		D255E76C230BFA3200FAB975 /* addtwonums_ii.cpp in Sources */ = {isa = PBXBuildFile; fileRef = D255E76A230BFA3200FAB975 /* addtwonums_ii.cpp */; };
		D28341A1230A9E4400A74593 /* sortalgorithmtest.cpp in Sources */ = {isa = PBXBuildFile; fileRef = D283419F230A9E4400A74593 /* sortalgorithmtest.cpp */; };
		D28341A4230AA1E700A74593 /* convertutils.cpp in Sources */ = {isa = PBXBuildFile; fileRef = D28341A2230AA1E700A74593 /* convertutils.cpp */; };
		D2DDD15922F021A400C18EBF /* main.mm in Sources */ = {isa = PBXBuildFile; fileRef = D2DDD15822F021A400C18EBF /* main.mm */; };
		D2DDD16122F0229500C18EBF /* towsum.cpp in Sources */ = {isa = PBXBuildFile; fileRef = D2DDD15F22F0229500C18EBF /* towsum.cpp */; };
		D2DDD16422F02AF400C18EBF /* solution.cpp in Sources */ = {isa = PBXBuildFile; fileRef = D2DDD16222F02AF400C18EBF /* solution.cpp */; };
		D2DDD16722F031F500C18EBF /* numtrees.cpp in Sources */ = {isa = PBXBuildFile; fileRef = D2DDD16522F031F500C18EBF /* numtrees.cpp */; };
		D2DDD16A22F033A200C18EBF /* mergeary.cpp in Sources */ = {isa = PBXBuildFile; fileRef = D2DDD16822F033A200C18EBF /* mergeary.cpp */; };
		D2DDD16D22F034E300C18EBF /* intersectary.cpp in Sources */ = {isa = PBXBuildFile; fileRef = D2DDD16B22F034E300C18EBF /* intersectary.cpp */; };
/* End PBXBuildFile section */

/* Begin PBXCopyFilesBuildPhase section */
		D2DDD15322F021A400C18EBF /* CopyFiles */ = {
			isa = PBXCopyFilesBuildPhase;
			buildActionMask = 2147483647;
			dstPath = /usr/share/man/man1/;
			dstSubfolderSpec = 0;
			files = (
			);
			runOnlyForDeploymentPostprocessing = 1;
		};
/* End PBXCopyFilesBuildPhase section */

/* Begin PBXFileReference section */
		8110DA0C253046080028C242 /* reverselinkedlist.cpp */ = {isa = PBXFileReference; lastKnownFileType = sourcecode.cpp.cpp; path = reverselinkedlist.cpp; sourceTree = "<group>"; };
		8110DA0D253046080028C242 /* reverselinkedlist.hpp */ = {isa = PBXFileReference; lastKnownFileType = sourcecode.cpp.h; path = reverselinkedlist.hpp; sourceTree = "<group>"; };
		8110DA1025304A220028C242 /* reverselinkedlist_ii.cpp */ = {isa = PBXFileReference; lastKnownFileType = sourcecode.cpp.cpp; path = reverselinkedlist_ii.cpp; sourceTree = "<group>"; };
		8110DA1125304A220028C242 /* reverselinkedlist_ii.hpp */ = {isa = PBXFileReference; lastKnownFileType = sourcecode.cpp.h; path = reverselinkedlist_ii.hpp; sourceTree = "<group>"; };
		81DF07C8252EC29F00ECB710 /* datastructtest.cpp */ = {isa = PBXFileReference; lastKnownFileType = sourcecode.cpp.cpp; path = datastructtest.cpp; sourceTree = "<group>"; };
		81DF07C9252EC29F00ECB710 /* datastructtest.hpp */ = {isa = PBXFileReference; lastKnownFileType = sourcecode.cpp.h; path = datastructtest.hpp; sourceTree = "<group>"; };
		81DF081525300E7000ECB710 /* spiralmatrix.cpp */ = {isa = PBXFileReference; lastKnownFileType = sourcecode.cpp.cpp; path = spiralmatrix.cpp; sourceTree = "<group>"; };
		81DF081625300E7000ECB710 /* spiralmatrix.hpp */ = {isa = PBXFileReference; lastKnownFileType = sourcecode.cpp.h; path = spiralmatrix.hpp; sourceTree = "<group>"; };
		81EBF4F7231C07EC00ABA86C /* reverseinteger.cpp */ = {isa = PBXFileReference; lastKnownFileType = sourcecode.cpp.cpp; path = reverseinteger.cpp; sourceTree = "<group>"; };
		81EBF4F8231C07EC00ABA86C /* reverseinteger.hpp */ = {isa = PBXFileReference; lastKnownFileType = sourcecode.cpp.h; path = reverseinteger.hpp; sourceTree = "<group>"; };
		81F262972317824F002A6549 /* longestsubstrnorepeatchar.cpp */ = {isa = PBXFileReference; lastKnownFileType = sourcecode.cpp.cpp; path = longestsubstrnorepeatchar.cpp; sourceTree = "<group>"; };
		81F262982317824F002A6549 /* longestsubstrnorepeatchar.hpp */ = {isa = PBXFileReference; lastKnownFileType = sourcecode.cpp.h; path = longestsubstrnorepeatchar.hpp; sourceTree = "<group>"; };
		81F2629A2317A029002A6549 /* midoftwosortedary.cpp */ = {isa = PBXFileReference; lastKnownFileType = sourcecode.cpp.cpp; path = midoftwosortedary.cpp; sourceTree = "<group>"; };
		81F2629B2317A029002A6549 /* midoftwosortedary.hpp */ = {isa = PBXFileReference; lastKnownFileType = sourcecode.cpp.h; path = midoftwosortedary.hpp; sourceTree = "<group>"; };
		81F2629D2317ADB9002A6549 /* longestpalindromicsubstr.cpp */ = {isa = PBXFileReference; lastKnownFileType = sourcecode.cpp.cpp; path = longestpalindromicsubstr.cpp; sourceTree = "<group>"; };
		81F2629E2317ADB9002A6549 /* longestpalindromicsubstr.hpp */ = {isa = PBXFileReference; lastKnownFileType = sourcecode.cpp.h; path = longestpalindromicsubstr.hpp; sourceTree = "<group>"; };
		D20568BF2305313600B0416F /* longestconsecutivelist.cpp */ = {isa = PBXFileReference; lastKnownFileType = sourcecode.cpp.cpp; path = longestconsecutivelist.cpp; sourceTree = "<group>"; };
		D20568C02305313600B0416F /* longestconsecutivelist.hpp */ = {isa = PBXFileReference; lastKnownFileType = sourcecode.cpp.h; path = longestconsecutivelist.hpp; sourceTree = "<group>"; };
		D24743E822F133200084E611 /* quicksort.cpp */ = {isa = PBXFileReference; lastKnownFileType = sourcecode.cpp.cpp; path = quicksort.cpp; sourceTree = "<group>"; };
		D24743E922F133200084E611 /* quicksort.hpp */ = {isa = PBXFileReference; lastKnownFileType = sourcecode.cpp.h; path = quicksort.hpp; sourceTree = "<group>"; };
		D24743EB22F133700084E611 /* bubblesort.cpp */ = {isa = PBXFileReference; lastKnownFileType = sourcecode.cpp.cpp; path = bubblesort.cpp; sourceTree = "<group>"; };
		D24743EC22F133700084E611 /* bubblesort.hpp */ = {isa = PBXFileReference; lastKnownFileType = sourcecode.cpp.h; path = bubblesort.hpp; sourceTree = "<group>"; };
		D24743F322F183AD0084E611 /* dataitem.cpp */ = {isa = PBXFileReference; lastKnownFileType = sourcecode.cpp.cpp; path = dataitem.cpp; sourceTree = "<group>"; };
		D24743F422F183AD0084E611 /* dataitem.hpp */ = {isa = PBXFileReference; lastKnownFileType = sourcecode.cpp.h; path = dataitem.hpp; sourceTree = "<group>"; };
		D255E751230B99A300FAB975 /* sortalgorithm.cpp */ = {isa = PBXFileReference; lastKnownFileType = sourcecode.cpp.cpp; path = sortalgorithm.cpp; sourceTree = "<group>"; };
		D255E752230B99A300FAB975 /* sortalgorithm.hpp */ = {isa = PBXFileReference; lastKnownFileType = sourcecode.cpp.h; path = sortalgorithm.hpp; sourceTree = "<group>"; };
		D255E754230BA5D400FAB975 /* README.md */ = {isa = PBXFileReference; fileEncoding = 4; lastKnownFileType = net.daringfireball.markdown; path = README.md; sourceTree = SOURCE_ROOT; };
		D255E755230BCA8400FAB975 /* addtwonums.cpp */ = {isa = PBXFileReference; lastKnownFileType = sourcecode.cpp.cpp; path = addtwonums.cpp; sourceTree = "<group>"; };
		D255E756230BCA8400FAB975 /* addtwonums.hpp */ = {isa = PBXFileReference; lastKnownFileType = sourcecode.cpp.h; path = addtwonums.hpp; sourceTree = "<group>"; };
		D255E758230BCFDB00FAB975 /* sqlist.cpp */ = {isa = PBXFileReference; lastKnownFileType = sourcecode.cpp.cpp; path = sqlist.cpp; sourceTree = "<group>"; };
		D255E759230BCFDB00FAB975 /* sqlist.hpp */ = {isa = PBXFileReference; lastKnownFileType = sourcecode.cpp.h; path = sqlist.hpp; sourceTree = "<group>"; };
		D255E75B230BCFE700FAB975 /* linklist.cpp */ = {isa = PBXFileReference; lastKnownFileType = sourcecode.cpp.cpp; path = linklist.cpp; sourceTree = "<group>"; };
		D255E75C230BCFE700FAB975 /* linklist.hpp */ = {isa = PBXFileReference; lastKnownFileType = sourcecode.cpp.h; path = linklist.hpp; sourceTree = "<group>"; };
		D255E75E230BD00A00FAB975 /* datastruct.cpp */ = {isa = PBXFileReference; lastKnownFileType = sourcecode.cpp.cpp; path = datastruct.cpp; sourceTree = "<group>"; };
		D255E75F230BD00A00FAB975 /* datastruct.hpp */ = {isa = PBXFileReference; lastKnownFileType = sourcecode.cpp.h; path = datastruct.hpp; sourceTree = "<group>"; };
		D255E761230BDA7700FAB975 /* insertsort.cpp */ = {isa = PBXFileReference; lastKnownFileType = sourcecode.cpp.cpp; path = insertsort.cpp; sourceTree = "<group>"; };
		D255E762230BDA7700FAB975 /* insertsort.hpp */ = {isa = PBXFileReference; lastKnownFileType = sourcecode.cpp.h; path = insertsort.hpp; sourceTree = "<group>"; };
		D255E764230BDA8C00FAB975 /* selectsort.cpp */ = {isa = PBXFileReference; lastKnownFileType = sourcecode.cpp.cpp; path = selectsort.cpp; sourceTree = "<group>"; };
		D255E765230BDA8C00FAB975 /* selectsort.hpp */ = {isa = PBXFileReference; lastKnownFileType = sourcecode.cpp.h; path = selectsort.hpp; sourceTree = "<group>"; };
		D255E76A230BFA3200FAB975 /* addtwonums_ii.cpp */ = {isa = PBXFileReference; lastKnownFileType = sourcecode.cpp.cpp; path = addtwonums_ii.cpp; sourceTree = "<group>"; };
		D255E76B230BFA3200FAB975 /* addtwonums_ii.hpp */ = {isa = PBXFileReference; lastKnownFileType = sourcecode.cpp.h; path = addtwonums_ii.hpp; sourceTree = "<group>"; };
		D283419F230A9E4400A74593 /* sortalgorithmtest.cpp */ = {isa = PBXFileReference; lastKnownFileType = sourcecode.cpp.cpp; path = sortalgorithmtest.cpp; sourceTree = "<group>"; };
		D28341A0230A9E4400A74593 /* sortalgorithmtest.hpp */ = {isa = PBXFileReference; lastKnownFileType = sourcecode.cpp.h; path = sortalgorithmtest.hpp; sourceTree = "<group>"; };
		D28341A2230AA1E700A74593 /* convertutils.cpp */ = {isa = PBXFileReference; lastKnownFileType = sourcecode.cpp.cpp; path = convertutils.cpp; sourceTree = "<group>"; };
		D28341A3230AA1E700A74593 /* convertutils.hpp */ = {isa = PBXFileReference; lastKnownFileType = sourcecode.cpp.h; path = convertutils.hpp; sourceTree = "<group>"; };
		D2DDD15522F021A400C18EBF /* leetcode */ = {isa = PBXFileReference; explicitFileType = "compiled.mach-o.executable"; includeInIndex = 0; path = leetcode; sourceTree = BUILT_PRODUCTS_DIR; };
		D2DDD15822F021A400C18EBF /* main.mm */ = {isa = PBXFileReference; lastKnownFileType = sourcecode.cpp.objcpp; path = main.mm; sourceTree = "<group>"; };
		D2DDD15F22F0229500C18EBF /* towsum.cpp */ = {isa = PBXFileReference; lastKnownFileType = sourcecode.cpp.cpp; path = towsum.cpp; sourceTree = "<group>"; };
		D2DDD16022F0229500C18EBF /* towsum.hpp */ = {isa = PBXFileReference; lastKnownFileType = sourcecode.cpp.h; path = towsum.hpp; sourceTree = "<group>"; };
		D2DDD16222F02AF400C18EBF /* solution.cpp */ = {isa = PBXFileReference; lastKnownFileType = sourcecode.cpp.cpp; path = solution.cpp; sourceTree = "<group>"; };
		D2DDD16322F02AF400C18EBF /* solution.hpp */ = {isa = PBXFileReference; lastKnownFileType = sourcecode.cpp.h; path = solution.hpp; sourceTree = "<group>"; };
		D2DDD16522F031F500C18EBF /* numtrees.cpp */ = {isa = PBXFileReference; lastKnownFileType = sourcecode.cpp.cpp; path = numtrees.cpp; sourceTree = "<group>"; };
		D2DDD16622F031F500C18EBF /* numtrees.hpp */ = {isa = PBXFileReference; lastKnownFileType = sourcecode.cpp.h; path = numtrees.hpp; sourceTree = "<group>"; };
		D2DDD16822F033A200C18EBF /* mergeary.cpp */ = {isa = PBXFileReference; lastKnownFileType = sourcecode.cpp.cpp; path = mergeary.cpp; sourceTree = "<group>"; };
		D2DDD16922F033A200C18EBF /* mergeary.hpp */ = {isa = PBXFileReference; lastKnownFileType = sourcecode.cpp.h; path = mergeary.hpp; sourceTree = "<group>"; };
		D2DDD16B22F034E300C18EBF /* intersectary.cpp */ = {isa = PBXFileReference; lastKnownFileType = sourcecode.cpp.cpp; path = intersectary.cpp; sourceTree = "<group>"; };
		D2DDD16C22F034E300C18EBF /* intersectary.hpp */ = {isa = PBXFileReference; lastKnownFileType = sourcecode.cpp.h; path = intersectary.hpp; sourceTree = "<group>"; };
/* End PBXFileReference section */

/* Begin PBXFrameworksBuildPhase section */
		D2DDD15222F021A400C18EBF /* Frameworks */ = {
			isa = PBXFrameworksBuildPhase;
			buildActionMask = 2147483647;
			files = (
			);
			runOnlyForDeploymentPostprocessing = 0;
		};
/* End PBXFrameworksBuildPhase section */

/* Begin PBXGroup section */
		81DF081025300B8500ECB710 /* lcof */ = {
			isa = PBXGroup;
			children = (
			);
			path = lcof;
			sourceTree = "<group>";
		};
		D24743E122F1327B0084E611 /* algorithm */ = {
			isa = PBXGroup;
			children = (
				D24743E322F132D00084E611 /* lookup */,
				D24743E422F132D00084E611 /* sort */,
			);
			path = algorithm;
			sourceTree = "<group>";
		};
		D24743E222F1327B0084E611 /* datastruct */ = {
			isa = PBXGroup;
			children = (
				D255E758230BCFDB00FAB975 /* sqlist.cpp */,
				D255E759230BCFDB00FAB975 /* sqlist.hpp */,
				D255E75B230BCFE700FAB975 /* linklist.cpp */,
				D255E75C230BCFE700FAB975 /* linklist.hpp */,
				D255E75E230BD00A00FAB975 /* datastruct.cpp */,
				D255E75F230BD00A00FAB975 /* datastruct.hpp */,
				81DF07C8252EC29F00ECB710 /* datastructtest.cpp */,
				81DF07C9252EC29F00ECB710 /* datastructtest.hpp */,
			);
			path = datastruct;
			sourceTree = "<group>";
		};
		D24743E322F132D00084E611 /* lookup */ = {
			isa = PBXGroup;
			children = (
			);
			path = lookup;
			sourceTree = "<group>";
		};
		D24743E422F132D00084E611 /* sort */ = {
			isa = PBXGroup;
			children = (
				D255E764230BDA8C00FAB975 /* selectsort.cpp */,
				D255E765230BDA8C00FAB975 /* selectsort.hpp */,
				D255E761230BDA7700FAB975 /* insertsort.cpp */,
				D255E762230BDA7700FAB975 /* insertsort.hpp */,
				D24743EB22F133700084E611 /* bubblesort.cpp */,
				D24743EC22F133700084E611 /* bubblesort.hpp */,
				D24743E822F133200084E611 /* quicksort.cpp */,
				D24743E922F133200084E611 /* quicksort.hpp */,
				D255E751230B99A300FAB975 /* sortalgorithm.cpp */,
				D255E752230B99A300FAB975 /* sortalgorithm.hpp */,
				D283419F230A9E4400A74593 /* sortalgorithmtest.cpp */,
				D28341A0230A9E4400A74593 /* sortalgorithmtest.hpp */,
			);
			path = sort;
			sourceTree = "<group>";
		};
		D24743EE22F1375E0084E611 /* foundation */ = {
			isa = PBXGroup;
			children = (
				D24743F322F183AD0084E611 /* dataitem.cpp */,
				D24743F422F183AD0084E611 /* dataitem.hpp */,
				D28341A2230AA1E700A74593 /* convertutils.cpp */,
				D28341A3230AA1E700A74593 /* convertutils.hpp */,
			);
			path = foundation;
			sourceTree = "<group>";
		};
		D2DDD14C22F021A400C18EBF = {
			isa = PBXGroup;
			children = (
				D24743EE22F1375E0084E611 /* foundation */,
				D24743E222F1327B0084E611 /* datastruct */,
				D24743E122F1327B0084E611 /* algorithm */,
				D2DDD15722F021A400C18EBF /* leetcode */,
				D2DDD15622F021A400C18EBF /* Products */,
			);
			sourceTree = "<group>";
		};
		D2DDD15622F021A400C18EBF /* Products */ = {
			isa = PBXGroup;
			children = (
				D2DDD15522F021A400C18EBF /* leetcode */,
			);
			name = Products;
			sourceTree = "<group>";
		};
		D2DDD15722F021A400C18EBF /* leetcode */ = {
			isa = PBXGroup;
			children = (
				81DF081025300B8500ECB710 /* lcof */,
				D255E754230BA5D400FAB975 /* README.md */,
				D2DDD15822F021A400C18EBF /* main.mm */,
				D2DDD16222F02AF400C18EBF /* solution.cpp */,
				D2DDD16322F02AF400C18EBF /* solution.hpp */,
				D2DDD15F22F0229500C18EBF /* towsum.cpp */,
				D2DDD16022F0229500C18EBF /* towsum.hpp */,
				D255E755230BCA8400FAB975 /* addtwonums.cpp */,
				D255E756230BCA8400FAB975 /* addtwonums.hpp */,
				81F262972317824F002A6549 /* longestsubstrnorepeatchar.cpp */,
				81F262982317824F002A6549 /* longestsubstrnorepeatchar.hpp */,
				81F2629A2317A029002A6549 /* midoftwosortedary.cpp */,
				81F2629B2317A029002A6549 /* midoftwosortedary.hpp */,
				81F2629D2317ADB9002A6549 /* longestpalindromicsubstr.cpp */,
				81F2629E2317ADB9002A6549 /* longestpalindromicsubstr.hpp */,
				81EBF4F7231C07EC00ABA86C /* reverseinteger.cpp */,
				81EBF4F8231C07EC00ABA86C /* reverseinteger.hpp */,
				81DF081525300E7000ECB710 /* spiralmatrix.cpp */,
				81DF081625300E7000ECB710 /* spiralmatrix.hpp */,
				D2DDD16822F033A200C18EBF /* mergeary.cpp */,
				D2DDD16922F033A200C18EBF /* mergeary.hpp */,
				8110DA1025304A220028C242 /* reverselinkedlist_ii.cpp */,
				8110DA1125304A220028C242 /* reverselinkedlist_ii.hpp */,
				D2DDD16522F031F500C18EBF /* numtrees.cpp */,
				D2DDD16622F031F500C18EBF /* numtrees.hpp */,
				D20568BF2305313600B0416F /* longestconsecutivelist.cpp */,
				D20568C02305313600B0416F /* longestconsecutivelist.hpp */,
				8110DA0C253046080028C242 /* reverselinkedlist.cpp */,
				8110DA0D253046080028C242 /* reverselinkedlist.hpp */,
				D2DDD16B22F034E300C18EBF /* intersectary.cpp */,
				D2DDD16C22F034E300C18EBF /* intersectary.hpp */,
				D255E76A230BFA3200FAB975 /* addtwonums_ii.cpp */,
				D255E76B230BFA3200FAB975 /* addtwonums_ii.hpp */,
			);
			path = leetcode;
			sourceTree = "<group>";
		};
/* End PBXGroup section */

/* Begin PBXNativeTarget section */
		D2DDD15422F021A400C18EBF /* leetcode */ = {
			isa = PBXNativeTarget;
			buildConfigurationList = D2DDD15C22F021A400C18EBF /* Build configuration list for PBXNativeTarget "leetcode" */;
			buildPhases = (
				D2DDD15122F021A400C18EBF /* Sources */,
				D2DDD15222F021A400C18EBF /* Frameworks */,
				D2DDD15322F021A400C18EBF /* CopyFiles */,
			);
			buildRules = (
			);
			dependencies = (
			);
			name = leetcode;
			productName = leetcode;
			productReference = D2DDD15522F021A400C18EBF /* leetcode */;
			productType = "com.apple.product-type.tool";
		};
/* End PBXNativeTarget section */

/* Begin PBXProject section */
		D2DDD14D22F021A400C18EBF /* Project object */ = {
			isa = PBXProject;
			attributes = {
				LastUpgradeCheck = 1030;
				ORGANIZATIONNAME = "Haven·Lin";
				TargetAttributes = {
					D2DDD15422F021A400C18EBF = {
						CreatedOnToolsVersion = 10.3;
					};
				};
			};
			buildConfigurationList = D2DDD15022F021A400C18EBF /* Build configuration list for PBXProject "leetcode" */;
			compatibilityVersion = "Xcode 9.3";
			developmentRegion = en;
			hasScannedForEncodings = 0;
			knownRegions = (
				en,
				Base,
			);
			mainGroup = D2DDD14C22F021A400C18EBF;
			productRefGroup = D2DDD15622F021A400C18EBF /* Products */;
			projectDirPath = "";
			projectRoot = "";
			targets = (
				D2DDD15422F021A400C18EBF /* leetcode */,
			);
		};
/* End PBXProject section */

/* Begin PBXSourcesBuildPhase section */
		D2DDD15122F021A400C18EBF /* Sources */ = {
			isa = PBXSourcesBuildPhase;
			buildActionMask = 2147483647;
			files = (
				D2DDD16722F031F500C18EBF /* numtrees.cpp in Sources */,
				81DF07CA252EC29F00ECB710 /* datastructtest.cpp in Sources */,
				D2DDD16A22F033A200C18EBF /* mergeary.cpp in Sources */,
				D28341A1230A9E4400A74593 /* sortalgorithmtest.cpp in Sources */,
				D255E75A230BCFDB00FAB975 /* sqlist.cpp in Sources */,
				D24743EA22F133200084E611 /* quicksort.cpp in Sources */,
				D24743F522F183AD0084E611 /* dataitem.cpp in Sources */,
				D255E763230BDA7700FAB975 /* insertsort.cpp in Sources */,
				D24743ED22F133700084E611 /* bubblesort.cpp in Sources */,
				D255E75D230BCFE700FAB975 /* linklist.cpp in Sources */,
				8110DA0E253046080028C242 /* reverselinkedlist.cpp in Sources */,
				D20568C12305313600B0416F /* longestconsecutivelist.cpp in Sources */,
				D255E757230BCA8400FAB975 /* addtwonums.cpp in Sources */,
				81F2629F2317ADB9002A6549 /* longestpalindromicsubstr.cpp in Sources */,
				D28341A4230AA1E700A74593 /* convertutils.cpp in Sources */,
				D2DDD16122F0229500C18EBF /* towsum.cpp in Sources */,
				D255E753230B99A300FAB975 /* sortalgorithm.cpp in Sources */,
				8110DA1225304A220028C242 /* reverselinkedlist_ii.cpp in Sources */,
				D255E76C230BFA3200FAB975 /* addtwonums_ii.cpp in Sources */,
				81F262992317824F002A6549 /* longestsubstrnorepeatchar.cpp in Sources */,
				81DF081725300E7000ECB710 /* spiralmatrix.cpp in Sources */,
				D2DDD16422F02AF400C18EBF /* solution.cpp in Sources */,
				D255E760230BD00A00FAB975 /* datastruct.cpp in Sources */,
				D2DDD16D22F034E300C18EBF /* intersectary.cpp in Sources */,
				D2DDD15922F021A400C18EBF /* main.mm in Sources */,
				81EBF4F9231C07EC00ABA86C /* reverseinteger.cpp in Sources */,
				81F2629C2317A029002A6549 /* midoftwosortedary.cpp in Sources */,
				D255E766230BDA8C00FAB975 /* selectsort.cpp in Sources */,
			);
			runOnlyForDeploymentPostprocessing = 0;
		};
/* End PBXSourcesBuildPhase section */

/* Begin XCBuildConfiguration section */
		D2DDD15A22F021A400C18EBF /* Debug */ = {
			isa = XCBuildConfiguration;
			buildSettings = {
				ALWAYS_SEARCH_USER_PATHS = NO;
				CLANG_ANALYZER_NONNULL = YES;
				CLANG_ANALYZER_NUMBER_OBJECT_CONVERSION = YES_AGGRESSIVE;
				CLANG_CXX_LANGUAGE_STANDARD = "gnu++14";
				CLANG_CXX_LIBRARY = "libc++";
				CLANG_ENABLE_MODULES = YES;
				CLANG_ENABLE_OBJC_ARC = YES;
				CLANG_ENABLE_OBJC_WEAK = YES;
				CLANG_WARN_BLOCK_CAPTURE_AUTORELEASING = YES;
				CLANG_WARN_BOOL_CONVERSION = YES;
				CLANG_WARN_COMMA = YES;
				CLANG_WARN_CONSTANT_CONVERSION = YES;
				CLANG_WARN_DEPRECATED_OBJC_IMPLEMENTATIONS = YES;
				CLANG_WARN_DIRECT_OBJC_ISA_USAGE = YES_ERROR;
				CLANG_WARN_DOCUMENTATION_COMMENTS = YES;
				CLANG_WARN_EMPTY_BODY = YES;
				CLANG_WARN_ENUM_CONVERSION = YES;
				CLANG_WARN_INFINITE_RECURSION = YES;
				CLANG_WARN_INT_CONVERSION = YES;
				CLANG_WARN_NON_LITERAL_NULL_CONVERSION = YES;
				CLANG_WARN_OBJC_IMPLICIT_RETAIN_SELF = YES;
				CLANG_WARN_OBJC_LITERAL_CONVERSION = YES;
				CLANG_WARN_OBJC_ROOT_CLASS = YES_ERROR;
				CLANG_WARN_RANGE_LOOP_ANALYSIS = YES;
				CLANG_WARN_STRICT_PROTOTYPES = YES;
				CLANG_WARN_SUSPICIOUS_MOVE = YES;
				CLANG_WARN_UNGUARDED_AVAILABILITY = YES_AGGRESSIVE;
				CLANG_WARN_UNREACHABLE_CODE = YES;
				CLANG_WARN__DUPLICATE_METHOD_MATCH = YES;
				CODE_SIGN_IDENTITY = "-";
				COPY_PHASE_STRIP = NO;
				DEBUG_INFORMATION_FORMAT = dwarf;
				ENABLE_STRICT_OBJC_MSGSEND = YES;
				ENABLE_TESTABILITY = YES;
				GCC_C_LANGUAGE_STANDARD = gnu11;
				GCC_DYNAMIC_NO_PIC = NO;
				GCC_NO_COMMON_BLOCKS = YES;
				GCC_OPTIMIZATION_LEVEL = 0;
				GCC_PREPROCESSOR_DEFINITIONS = (
					"DEBUG=1",
					"$(inherited)",
				);
				GCC_WARN_64_TO_32_BIT_CONVERSION = YES;
				GCC_WARN_ABOUT_RETURN_TYPE = YES_ERROR;
				GCC_WARN_UNDECLARED_SELECTOR = YES;
				GCC_WARN_UNINITIALIZED_AUTOS = YES_AGGRESSIVE;
				GCC_WARN_UNUSED_FUNCTION = YES;
				GCC_WARN_UNUSED_VARIABLE = YES;
				MACOSX_DEPLOYMENT_TARGET = 10.14;
				MTL_ENABLE_DEBUG_INFO = INCLUDE_SOURCE;
				MTL_FAST_MATH = YES;
				ONLY_ACTIVE_ARCH = YES;
				SDKROOT = macosx;
			};
			name = Debug;
		};
		D2DDD15B22F021A400C18EBF /* Release */ = {
			isa = XCBuildConfiguration;
			buildSettings = {
				ALWAYS_SEARCH_USER_PATHS = NO;
				CLANG_ANALYZER_NONNULL = YES;
				CLANG_ANALYZER_NUMBER_OBJECT_CONVERSION = YES_AGGRESSIVE;
				CLANG_CXX_LANGUAGE_STANDARD = "gnu++14";
				CLANG_CXX_LIBRARY = "libc++";
				CLANG_ENABLE_MODULES = YES;
				CLANG_ENABLE_OBJC_ARC = YES;
				CLANG_ENABLE_OBJC_WEAK = YES;
				CLANG_WARN_BLOCK_CAPTURE_AUTORELEASING = YES;
				CLANG_WARN_BOOL_CONVERSION = YES;
				CLANG_WARN_COMMA = YES;
				CLANG_WARN_CONSTANT_CONVERSION = YES;
				CLANG_WARN_DEPRECATED_OBJC_IMPLEMENTATIONS = YES;
				CLANG_WARN_DIRECT_OBJC_ISA_USAGE = YES_ERROR;
				CLANG_WARN_DOCUMENTATION_COMMENTS = YES;
				CLANG_WARN_EMPTY_BODY = YES;
				CLANG_WARN_ENUM_CONVERSION = YES;
				CLANG_WARN_INFINITE_RECURSION = YES;
				CLANG_WARN_INT_CONVERSION = YES;
				CLANG_WARN_NON_LITERAL_NULL_CONVERSION = YES;
				CLANG_WARN_OBJC_IMPLICIT_RETAIN_SELF = YES;
				CLANG_WARN_OBJC_LITERAL_CONVERSION = YES;
				CLANG_WARN_OBJC_ROOT_CLASS = YES_ERROR;
				CLANG_WARN_RANGE_LOOP_ANALYSIS = YES;
				CLANG_WARN_STRICT_PROTOTYPES = YES;
				CLANG_WARN_SUSPICIOUS_MOVE = YES;
				CLANG_WARN_UNGUARDED_AVAILABILITY = YES_AGGRESSIVE;
				CLANG_WARN_UNREACHABLE_CODE = YES;
				CLANG_WARN__DUPLICATE_METHOD_MATCH = YES;
				CODE_SIGN_IDENTITY = "-";
				COPY_PHASE_STRIP = NO;
				DEBUG_INFORMATION_FORMAT = "dwarf-with-dsym";
				ENABLE_NS_ASSERTIONS = NO;
				ENABLE_STRICT_OBJC_MSGSEND = YES;
				GCC_C_LANGUAGE_STANDARD = gnu11;
				GCC_NO_COMMON_BLOCKS = YES;
				GCC_WARN_64_TO_32_BIT_CONVERSION = YES;
				GCC_WARN_ABOUT_RETURN_TYPE = YES_ERROR;
				GCC_WARN_UNDECLARED_SELECTOR = YES;
				GCC_WARN_UNINITIALIZED_AUTOS = YES_AGGRESSIVE;
				GCC_WARN_UNUSED_FUNCTION = YES;
				GCC_WARN_UNUSED_VARIABLE = YES;
				MACOSX_DEPLOYMENT_TARGET = 10.14;
				MTL_ENABLE_DEBUG_INFO = NO;
				MTL_FAST_MATH = YES;
				SDKROOT = macosx;
			};
			name = Release;
		};
		D2DDD15D22F021A400C18EBF /* Debug */ = {
			isa = XCBuildConfiguration;
			buildSettings = {
				CODE_SIGN_STYLE = Automatic;
				PRODUCT_NAME = "$(TARGET_NAME)";
			};
			name = Debug;
		};
		D2DDD15E22F021A400C18EBF /* Release */ = {
			isa = XCBuildConfiguration;
			buildSettings = {
				CODE_SIGN_STYLE = Automatic;
				PRODUCT_NAME = "$(TARGET_NAME)";
			};
			name = Release;
		};
/* End XCBuildConfiguration section */

/* Begin XCConfigurationList section */
		D2DDD15022F021A400C18EBF /* Build configuration list for PBXProject "leetcode" */ = {
			isa = XCConfigurationList;
			buildConfigurations = (
				D2DDD15A22F021A400C18EBF /* Debug */,
				D2DDD15B22F021A400C18EBF /* Release */,
			);
			defaultConfigurationIsVisible = 0;
			defaultConfigurationName = Release;
		};
		D2DDD15C22F021A400C18EBF /* Build configuration list for PBXNativeTarget "leetcode" */ = {
			isa = XCConfigurationList;
			buildConfigurations = (
				D2DDD15D22F021A400C18EBF /* Debug */,
				D2DDD15E22F021A400C18EBF /* Release */,
			);
			defaultConfigurationIsVisible = 0;
			defaultConfigurationName = Release;
		};
/* End XCConfigurationList section */
	};
	rootObject = D2DDD14D22F021A400C18EBF /* Project object */;
}
